// !$*UTF8*$!
{
	archiveVersion = 1;
	classes = {
	};
	objectVersion = 55;
	objects = {

/* Begin PBXBuildFile section */
		707B31CA290FA34000C67642 /* LoginVC.swift in Sources */ = {isa = PBXBuildFile; fileRef = 707B31C9290FA34000C67642 /* LoginVC.swift */; };
		70934181290FCADE00838961 /* Session.swift in Sources */ = {isa = PBXBuildFile; fileRef = 70934180290FCADE00838961 /* Session.swift */; };
		70934184290FE7C100838961 /* NetworkManager.swift in Sources */ = {isa = PBXBuildFile; fileRef = 70934183290FE7C100838961 /* NetworkManager.swift */; };
		70934186290FE87700838961 /* ErrorMessage.swift in Sources */ = {isa = PBXBuildFile; fileRef = 70934185290FE87700838961 /* ErrorMessage.swift */; };
		709341882910F6DF00838961 /* Photos.swift in Sources */ = {isa = PBXBuildFile; fileRef = 709341872910F6DF00838961 /* Photos.swift */; };
		7099B52528F575F100B61FF4 /* FriendsVC.swift in Sources */ = {isa = PBXBuildFile; fileRef = 7099B52428F575F100B61FF4 /* FriendsVC.swift */; };
		7099B52828F590AA00B61FF4 /* FriendPhotoCellXib.swift in Sources */ = {isa = PBXBuildFile; fileRef = 7099B52628F590AA00B61FF4 /* FriendPhotoCellXib.swift */; };
		7099B52928F590AA00B61FF4 /* FriendPhotoCellXib.xib in Resources */ = {isa = PBXBuildFile; fileRef = 7099B52728F590AA00B61FF4 /* FriendPhotoCellXib.xib */; };
		70B87B3F28DD8C3A00FE99DE /* AppDelegate.swift in Sources */ = {isa = PBXBuildFile; fileRef = 70B87B3E28DD8C3A00FE99DE /* AppDelegate.swift */; };
		70B87B4128DD8C3A00FE99DE /* SceneDelegate.swift in Sources */ = {isa = PBXBuildFile; fileRef = 70B87B4028DD8C3A00FE99DE /* SceneDelegate.swift */; };
		70B87B4628DD8C3A00FE99DE /* Main.storyboard in Resources */ = {isa = PBXBuildFile; fileRef = 70B87B4428DD8C3A00FE99DE /* Main.storyboard */; };
		70B87B4828DD8C3C00FE99DE /* Assets.xcassets in Resources */ = {isa = PBXBuildFile; fileRef = 70B87B4728DD8C3C00FE99DE /* Assets.xcassets */; };
		70B87B4B28DD8C3C00FE99DE /* LaunchScreen.storyboard in Resources */ = {isa = PBXBuildFile; fileRef = 70B87B4928DD8C3C00FE99DE /* LaunchScreen.storyboard */; };
		70B87B5628DD8C3C00FE99DE /* vkClientTests.swift in Sources */ = {isa = PBXBuildFile; fileRef = 70B87B5528DD8C3C00FE99DE /* vkClientTests.swift */; };
		70B87B6028DD8C3C00FE99DE /* vkClientUITests.swift in Sources */ = {isa = PBXBuildFile; fileRef = 70B87B5F28DD8C3C00FE99DE /* vkClientUITests.swift */; };
		70B87B6228DD8C3C00FE99DE /* vkClientUITestsLaunchTests.swift in Sources */ = {isa = PBXBuildFile; fileRef = 70B87B6128DD8C3C00FE99DE /* vkClientUITestsLaunchTests.swift */; };
		70B87B6F28DD8D1400FE99DE /* LoginFormController.swift in Sources */ = {isa = PBXBuildFile; fileRef = 70B87B6E28DD8D1400FE99DE /* LoginFormController.swift */; };
		70C3F0E0290BFB02009282A2 /* Constants.swift in Sources */ = {isa = PBXBuildFile; fileRef = 70C3F0DF290BFB02009282A2 /* Constants.swift */; };
		70C3F0E2290C1045009282A2 /* VKLabel.swift in Sources */ = {isa = PBXBuildFile; fileRef = 70C3F0E1290C1045009282A2 /* VKLabel.swift */; };
		70DD870D28FE736D00D71829 /* FriendsPhotoVC.swift in Sources */ = {isa = PBXBuildFile; fileRef = 70DD870C28FE736D00D71829 /* FriendsPhotoVC.swift */; };
		70DD870F28FED67000D71829 /* UserGroupsVC.swift in Sources */ = {isa = PBXBuildFile; fileRef = 70DD870E28FED67000D71829 /* UserGroupsVC.swift */; };
		70DD871428FED6DD00D71829 /* UserGroupCell.swift in Sources */ = {isa = PBXBuildFile; fileRef = 70DD871228FED6DD00D71829 /* UserGroupCell.swift */; };
		70DD871528FED6DD00D71829 /* UserGroupCell.xib in Resources */ = {isa = PBXBuildFile; fileRef = 70DD871328FED6DD00D71829 /* UserGroupCell.xib */; };
		70FABCD22909368E00618A98 /* AllGroupsVC.swift in Sources */ = {isa = PBXBuildFile; fileRef = 70FABCD12909368E00618A98 /* AllGroupsVC.swift */; };
		70FABCD52909378A00618A98 /* AllGroupCell.swift in Sources */ = {isa = PBXBuildFile; fileRef = 70FABCD32909378A00618A98 /* AllGroupCell.swift */; };
		70FABCD62909378A00618A98 /* AllGroupCell.xib in Resources */ = {isa = PBXBuildFile; fileRef = 70FABCD42909378A00618A98 /* AllGroupCell.xib */; };
		70FABCD92909716300618A98 /* UIHelper.swift in Sources */ = {isa = PBXBuildFile; fileRef = 70FABCD82909716300618A98 /* UIHelper.swift */; };
		70FABCDE290A664700618A98 /* NavigationBarCustom.xib in Resources */ = {isa = PBXBuildFile; fileRef = 70FABCDD290A664700618A98 /* NavigationBarCustom.xib */; };
		70FABCE0290A745E00618A98 /* NavigationBarCustom.swift in Sources */ = {isa = PBXBuildFile; fileRef = 70FABCDF290A745E00618A98 /* NavigationBarCustom.swift */; };
		70FABCE2290AA30B00618A98 /* NavBarView.swift in Sources */ = {isa = PBXBuildFile; fileRef = 70FABCE1290AA30B00618A98 /* NavBarView.swift */; };
		70FABCE4290AA36800618A98 /* NavBarView.xib in Resources */ = {isa = PBXBuildFile; fileRef = 70FABCE3290AA36800618A98 /* NavBarView.xib */; };
		70FEB43B28EFF30200A7836F /* FriendCellXib.swift in Sources */ = {isa = PBXBuildFile; fileRef = 70FEB43928EFF30200A7836F /* FriendCellXib.swift */; };
		70FEB43C28EFF30200A7836F /* FriendCellXib.xib in Resources */ = {isa = PBXBuildFile; fileRef = 70FEB43A28EFF30200A7836F /* FriendCellXib.xib */; };
		70FEB43E28F3E62200A7836F /* AvatarView.swift in Sources */ = {isa = PBXBuildFile; fileRef = 70FEB43D28F3E62200A7836F /* AvatarView.swift */; };
		70FEB44128F3E84200A7836F /* Friend.swift in Sources */ = {isa = PBXBuildFile; fileRef = 70FEB44028F3E84200A7836F /* Friend.swift */; };
		70FEB44328F3E85300A7836F /* Group.swift in Sources */ = {isa = PBXBuildFile; fileRef = 70FEB44228F3E85300A7836F /* Group.swift */; };
/* End PBXBuildFile section */

/* Begin PBXContainerItemProxy section */
		70B87B5228DD8C3C00FE99DE /* PBXContainerItemProxy */ = {
			isa = PBXContainerItemProxy;
			containerPortal = 70B87B3328DD8C3A00FE99DE /* Project object */;
			proxyType = 1;
			remoteGlobalIDString = 70B87B3A28DD8C3A00FE99DE;
			remoteInfo = vkClient;
		};
		70B87B5C28DD8C3C00FE99DE /* PBXContainerItemProxy */ = {
			isa = PBXContainerItemProxy;
			containerPortal = 70B87B3328DD8C3A00FE99DE /* Project object */;
			proxyType = 1;
			remoteGlobalIDString = 70B87B3A28DD8C3A00FE99DE;
			remoteInfo = vkClient;
		};
/* End PBXContainerItemProxy section */

/* Begin PBXFileReference section */
		707B31C9290FA34000C67642 /* LoginVC.swift */ = {isa = PBXFileReference; lastKnownFileType = sourcecode.swift; path = LoginVC.swift; sourceTree = "<group>"; };
		70934180290FCADE00838961 /* Session.swift */ = {isa = PBXFileReference; lastKnownFileType = sourcecode.swift; path = Session.swift; sourceTree = "<group>"; };
		70934183290FE7C100838961 /* NetworkManager.swift */ = {isa = PBXFileReference; lastKnownFileType = sourcecode.swift; path = NetworkManager.swift; sourceTree = "<group>"; };
		70934185290FE87700838961 /* ErrorMessage.swift */ = {isa = PBXFileReference; lastKnownFileType = sourcecode.swift; path = ErrorMessage.swift; sourceTree = "<group>"; };
		709341872910F6DF00838961 /* Photos.swift */ = {isa = PBXFileReference; lastKnownFileType = sourcecode.swift; path = Photos.swift; sourceTree = "<group>"; };
		7099B52428F575F100B61FF4 /* FriendsVC.swift */ = {isa = PBXFileReference; lastKnownFileType = sourcecode.swift; path = FriendsVC.swift; sourceTree = "<group>"; };
		7099B52628F590AA00B61FF4 /* FriendPhotoCellXib.swift */ = {isa = PBXFileReference; lastKnownFileType = sourcecode.swift; path = FriendPhotoCellXib.swift; sourceTree = "<group>"; };
		7099B52728F590AA00B61FF4 /* FriendPhotoCellXib.xib */ = {isa = PBXFileReference; lastKnownFileType = file.xib; path = FriendPhotoCellXib.xib; sourceTree = "<group>"; };
		70B87B3B28DD8C3A00FE99DE /* vkClient.app */ = {isa = PBXFileReference; explicitFileType = wrapper.application; includeInIndex = 0; path = vkClient.app; sourceTree = BUILT_PRODUCTS_DIR; };
		70B87B3E28DD8C3A00FE99DE /* AppDelegate.swift */ = {isa = PBXFileReference; lastKnownFileType = sourcecode.swift; path = AppDelegate.swift; sourceTree = "<group>"; };
		70B87B4028DD8C3A00FE99DE /* SceneDelegate.swift */ = {isa = PBXFileReference; lastKnownFileType = sourcecode.swift; path = SceneDelegate.swift; sourceTree = "<group>"; };
		70B87B4528DD8C3A00FE99DE /* Base */ = {isa = PBXFileReference; lastKnownFileType = file.storyboard; name = Base; path = Base.lproj/Main.storyboard; sourceTree = "<group>"; };
		70B87B4728DD8C3C00FE99DE /* Assets.xcassets */ = {isa = PBXFileReference; lastKnownFileType = folder.assetcatalog; path = Assets.xcassets; sourceTree = "<group>"; };
		70B87B4A28DD8C3C00FE99DE /* Base */ = {isa = PBXFileReference; lastKnownFileType = file.storyboard; name = Base; path = Base.lproj/LaunchScreen.storyboard; sourceTree = "<group>"; };
		70B87B4C28DD8C3C00FE99DE /* Info.plist */ = {isa = PBXFileReference; lastKnownFileType = text.plist.xml; path = Info.plist; sourceTree = "<group>"; };
		70B87B5128DD8C3C00FE99DE /* vkClientTests.xctest */ = {isa = PBXFileReference; explicitFileType = wrapper.cfbundle; includeInIndex = 0; path = vkClientTests.xctest; sourceTree = BUILT_PRODUCTS_DIR; };
		70B87B5528DD8C3C00FE99DE /* vkClientTests.swift */ = {isa = PBXFileReference; lastKnownFileType = sourcecode.swift; path = vkClientTests.swift; sourceTree = "<group>"; };
		70B87B5B28DD8C3C00FE99DE /* vkClientUITests.xctest */ = {isa = PBXFileReference; explicitFileType = wrapper.cfbundle; includeInIndex = 0; path = vkClientUITests.xctest; sourceTree = BUILT_PRODUCTS_DIR; };
		70B87B5F28DD8C3C00FE99DE /* vkClientUITests.swift */ = {isa = PBXFileReference; lastKnownFileType = sourcecode.swift; path = vkClientUITests.swift; sourceTree = "<group>"; };
		70B87B6128DD8C3C00FE99DE /* vkClientUITestsLaunchTests.swift */ = {isa = PBXFileReference; lastKnownFileType = sourcecode.swift; path = vkClientUITestsLaunchTests.swift; sourceTree = "<group>"; };
		70B87B6E28DD8D1400FE99DE /* LoginFormController.swift */ = {isa = PBXFileReference; lastKnownFileType = sourcecode.swift; path = LoginFormController.swift; sourceTree = "<group>"; };
		70C3F0DF290BFB02009282A2 /* Constants.swift */ = {isa = PBXFileReference; lastKnownFileType = sourcecode.swift; path = Constants.swift; sourceTree = "<group>"; };
		70C3F0E1290C1045009282A2 /* VKLabel.swift */ = {isa = PBXFileReference; lastKnownFileType = sourcecode.swift; path = VKLabel.swift; sourceTree = "<group>"; };
		70DD870C28FE736D00D71829 /* FriendsPhotoVC.swift */ = {isa = PBXFileReference; lastKnownFileType = sourcecode.swift; path = FriendsPhotoVC.swift; sourceTree = "<group>"; };
		70DD870E28FED67000D71829 /* UserGroupsVC.swift */ = {isa = PBXFileReference; lastKnownFileType = sourcecode.swift; path = UserGroupsVC.swift; sourceTree = "<group>"; };
		70DD871228FED6DD00D71829 /* UserGroupCell.swift */ = {isa = PBXFileReference; lastKnownFileType = sourcecode.swift; path = UserGroupCell.swift; sourceTree = "<group>"; };
		70DD871328FED6DD00D71829 /* UserGroupCell.xib */ = {isa = PBXFileReference; lastKnownFileType = file.xib; path = UserGroupCell.xib; sourceTree = "<group>"; };
		70FABCD12909368E00618A98 /* AllGroupsVC.swift */ = {isa = PBXFileReference; lastKnownFileType = sourcecode.swift; path = AllGroupsVC.swift; sourceTree = "<group>"; };
		70FABCD32909378A00618A98 /* AllGroupCell.swift */ = {isa = PBXFileReference; lastKnownFileType = sourcecode.swift; path = AllGroupCell.swift; sourceTree = "<group>"; };
		70FABCD42909378A00618A98 /* AllGroupCell.xib */ = {isa = PBXFileReference; lastKnownFileType = file.xib; path = AllGroupCell.xib; sourceTree = "<group>"; };
		70FABCD82909716300618A98 /* UIHelper.swift */ = {isa = PBXFileReference; lastKnownFileType = sourcecode.swift; path = UIHelper.swift; sourceTree = "<group>"; };
		70FABCDD290A664700618A98 /* NavigationBarCustom.xib */ = {isa = PBXFileReference; lastKnownFileType = file.xib; path = NavigationBarCustom.xib; sourceTree = "<group>"; };
		70FABCDF290A745E00618A98 /* NavigationBarCustom.swift */ = {isa = PBXFileReference; lastKnownFileType = sourcecode.swift; path = NavigationBarCustom.swift; sourceTree = "<group>"; };
		70FABCE1290AA30B00618A98 /* NavBarView.swift */ = {isa = PBXFileReference; lastKnownFileType = sourcecode.swift; path = NavBarView.swift; sourceTree = "<group>"; };
		70FABCE3290AA36800618A98 /* NavBarView.xib */ = {isa = PBXFileReference; lastKnownFileType = file.xib; path = NavBarView.xib; sourceTree = "<group>"; };
		70FEB43928EFF30200A7836F /* FriendCellXib.swift */ = {isa = PBXFileReference; lastKnownFileType = sourcecode.swift; path = FriendCellXib.swift; sourceTree = "<group>"; };
		70FEB43A28EFF30200A7836F /* FriendCellXib.xib */ = {isa = PBXFileReference; lastKnownFileType = file.xib; path = FriendCellXib.xib; sourceTree = "<group>"; };
		70FEB43D28F3E62200A7836F /* AvatarView.swift */ = {isa = PBXFileReference; lastKnownFileType = sourcecode.swift; path = AvatarView.swift; sourceTree = "<group>"; };
		70FEB44028F3E84200A7836F /* Friend.swift */ = {isa = PBXFileReference; lastKnownFileType = sourcecode.swift; path = Friend.swift; sourceTree = "<group>"; };
		70FEB44228F3E85300A7836F /* Group.swift */ = {isa = PBXFileReference; lastKnownFileType = sourcecode.swift; path = Group.swift; sourceTree = "<group>"; };
/* End PBXFileReference section */

/* Begin PBXFrameworksBuildPhase section */
		70B87B3828DD8C3A00FE99DE /* Frameworks */ = {
			isa = PBXFrameworksBuildPhase;
			buildActionMask = 2147483647;
			files = (
			);
			runOnlyForDeploymentPostprocessing = 0;
		};
		70B87B4E28DD8C3C00FE99DE /* Frameworks */ = {
			isa = PBXFrameworksBuildPhase;
			buildActionMask = 2147483647;
			files = (
			);
			runOnlyForDeploymentPostprocessing = 0;
		};
		70B87B5828DD8C3C00FE99DE /* Frameworks */ = {
			isa = PBXFrameworksBuildPhase;
			buildActionMask = 2147483647;
			files = (
			);
			runOnlyForDeploymentPostprocessing = 0;
		};
/* End PBXFrameworksBuildPhase section */

/* Begin PBXGroup section */
		700517CD2907AC3B004A31E5 /* LoginForm */ = {
			isa = PBXGroup;
			children = (
				70B87B6E28DD8D1400FE99DE /* LoginFormController.swift */,
				707B31C9290FA34000C67642 /* LoginVC.swift */,
			);
			path = LoginForm;
			sourceTree = "<group>";
		};
		70934182290FE69C00838961 /* Managers */ = {
			isa = PBXGroup;
			children = (
				70934183290FE7C100838961 /* NetworkManager.swift */,
			);
			path = Managers;
			sourceTree = "<group>";
		};
		70B87B3228DD8C3A00FE99DE = {
			isa = PBXGroup;
			children = (
				70B87B3D28DD8C3A00FE99DE /* vkClient */,
				70B87B5428DD8C3C00FE99DE /* vkClientTests */,
				70B87B5E28DD8C3C00FE99DE /* vkClientUITests */,
				70B87B3C28DD8C3A00FE99DE /* Products */,
			);
			sourceTree = "<group>";
		};
		70B87B3C28DD8C3A00FE99DE /* Products */ = {
			isa = PBXGroup;
			children = (
				70B87B3B28DD8C3A00FE99DE /* vkClient.app */,
				70B87B5128DD8C3C00FE99DE /* vkClientTests.xctest */,
				70B87B5B28DD8C3C00FE99DE /* vkClientUITests.xctest */,
			);
			name = Products;
			sourceTree = "<group>";
		};
		70B87B3D28DD8C3A00FE99DE /* vkClient */ = {
			isa = PBXGroup;
			children = (
				70934182290FE69C00838961 /* Managers */,
				70FABCD72909714000618A98 /* Utilities */,
				700517CD2907AC3B004A31E5 /* LoginForm */,
				70DD870A28FE70E700D71829 /* AllGroups */,
				70DD870828FE70B500D71829 /* FriendsPhoto */,
				70DD870628FE708B00D71829 /* UserGroups */,
				70FEB44428F40C4800A7836F /* Friends */,
				70FEB43F28F3E76C00A7836F /* Models */,
				70FEB43528EFEE4500A7836F /* CustomViews */,
				70B87B3E28DD8C3A00FE99DE /* AppDelegate.swift */,
				70B87B4028DD8C3A00FE99DE /* SceneDelegate.swift */,
				70B87B4428DD8C3A00FE99DE /* Main.storyboard */,
				70B87B4728DD8C3C00FE99DE /* Assets.xcassets */,
				70B87B4928DD8C3C00FE99DE /* LaunchScreen.storyboard */,
				70B87B4C28DD8C3C00FE99DE /* Info.plist */,
			);
			path = vkClient;
			sourceTree = "<group>";
		};
		70B87B5428DD8C3C00FE99DE /* vkClientTests */ = {
			isa = PBXGroup;
			children = (
				70B87B5528DD8C3C00FE99DE /* vkClientTests.swift */,
			);
			path = vkClientTests;
			sourceTree = "<group>";
		};
		70B87B5E28DD8C3C00FE99DE /* vkClientUITests */ = {
			isa = PBXGroup;
			children = (
				70B87B5F28DD8C3C00FE99DE /* vkClientUITests.swift */,
				70B87B6128DD8C3C00FE99DE /* vkClientUITestsLaunchTests.swift */,
			);
			path = vkClientUITests;
			sourceTree = "<group>";
		};
		70DD870528FE706F00D71829 /* Cells */ = {
			isa = PBXGroup;
			children = (
				70FEB43928EFF30200A7836F /* FriendCellXib.swift */,
				70FEB43A28EFF30200A7836F /* FriendCellXib.xib */,
			);
			path = Cells;
			sourceTree = "<group>";
		};
		70DD870628FE708B00D71829 /* UserGroups */ = {
			isa = PBXGroup;
			children = (
				70DD870E28FED67000D71829 /* UserGroupsVC.swift */,
				70DD870728FE709900D71829 /* Cells */,
			);
			path = UserGroups;
			sourceTree = "<group>";
		};
		70DD870728FE709900D71829 /* Cells */ = {
			isa = PBXGroup;
			children = (
				70DD871228FED6DD00D71829 /* UserGroupCell.swift */,
				70DD871328FED6DD00D71829 /* UserGroupCell.xib */,
			);
			path = Cells;
			sourceTree = "<group>";
		};
		70DD870828FE70B500D71829 /* FriendsPhoto */ = {
			isa = PBXGroup;
			children = (
				70DD870C28FE736D00D71829 /* FriendsPhotoVC.swift */,
				70DD870928FE70C600D71829 /* Cells */,
			);
			path = FriendsPhoto;
			sourceTree = "<group>";
		};
		70DD870928FE70C600D71829 /* Cells */ = {
			isa = PBXGroup;
			children = (
				7099B52628F590AA00B61FF4 /* FriendPhotoCellXib.swift */,
				7099B52728F590AA00B61FF4 /* FriendPhotoCellXib.xib */,
			);
			path = Cells;
			sourceTree = "<group>";
		};
		70DD870A28FE70E700D71829 /* AllGroups */ = {
			isa = PBXGroup;
			children = (
				70FABCD12909368E00618A98 /* AllGroupsVC.swift */,
				70DD870B28FE70F400D71829 /* Cells */,
			);
			path = AllGroups;
			sourceTree = "<group>";
		};
		70DD870B28FE70F400D71829 /* Cells */ = {
			isa = PBXGroup;
			children = (
				70FABCD32909378A00618A98 /* AllGroupCell.swift */,
				70FABCD42909378A00618A98 /* AllGroupCell.xib */,
			);
			path = Cells;
			sourceTree = "<group>";
		};
		70FABCD72909714000618A98 /* Utilities */ = {
			isa = PBXGroup;
			children = (
				70934180290FCADE00838961 /* Session.swift */,
				70FABCD82909716300618A98 /* UIHelper.swift */,
				70C3F0DF290BFB02009282A2 /* Constants.swift */,
				70934185290FE87700838961 /* ErrorMessage.swift */,
			);
			path = Utilities;
			sourceTree = "<group>";
		};
		70FABCDA290A625B00618A98 /* NavigationBar */ = {
			isa = PBXGroup;
			children = (
				70FABCDD290A664700618A98 /* NavigationBarCustom.xib */,
				70FABCDF290A745E00618A98 /* NavigationBarCustom.swift */,
				70FABCE1290AA30B00618A98 /* NavBarView.swift */,
				70FABCE3290AA36800618A98 /* NavBarView.xib */,
			);
			path = NavigationBar;
			sourceTree = "<group>";
		};
		70FEB43528EFEE4500A7836F /* CustomViews */ = {
			isa = PBXGroup;
			children = (
				70FABCDA290A625B00618A98 /* NavigationBar */,
				70FEB43628EFEE5D00A7836F /* Cells */,
				70FEB43D28F3E62200A7836F /* AvatarView.swift */,
				70C3F0E1290C1045009282A2 /* VKLabel.swift */,
			);
			path = CustomViews;
			sourceTree = "<group>";
		};
		70FEB43628EFEE5D00A7836F /* Cells */ = {
			isa = PBXGroup;
			children = (
			);
			path = Cells;
			sourceTree = "<group>";
		};
		70FEB43F28F3E76C00A7836F /* Models */ = {
			isa = PBXGroup;
			children = (
				70FEB44028F3E84200A7836F /* Friend.swift */,
				70FEB44228F3E85300A7836F /* Group.swift */,
				709341872910F6DF00838961 /* Photos.swift */,
			);
			path = Models;
			sourceTree = "<group>";
		};
		70FEB44428F40C4800A7836F /* Friends */ = {
			isa = PBXGroup;
			children = (
				7099B52428F575F100B61FF4 /* FriendsVC.swift */,
				70DD870528FE706F00D71829 /* Cells */,
			);
			path = Friends;
			sourceTree = "<group>";
		};
/* End PBXGroup section */

/* Begin PBXNativeTarget section */
		70B87B3A28DD8C3A00FE99DE /* vkClient */ = {
			isa = PBXNativeTarget;
			buildConfigurationList = 70B87B6528DD8C3C00FE99DE /* Build configuration list for PBXNativeTarget "vkClient" */;
			buildPhases = (
				70B87B3728DD8C3A00FE99DE /* Sources */,
				70B87B3828DD8C3A00FE99DE /* Frameworks */,
				70B87B3928DD8C3A00FE99DE /* Resources */,
			);
			buildRules = (
			);
			dependencies = (
			);
			name = vkClient;
			productName = vkClient;
			productReference = 70B87B3B28DD8C3A00FE99DE /* vkClient.app */;
			productType = "com.apple.product-type.application";
		};
		70B87B5028DD8C3C00FE99DE /* vkClientTests */ = {
			isa = PBXNativeTarget;
			buildConfigurationList = 70B87B6828DD8C3C00FE99DE /* Build configuration list for PBXNativeTarget "vkClientTests" */;
			buildPhases = (
				70B87B4D28DD8C3C00FE99DE /* Sources */,
				70B87B4E28DD8C3C00FE99DE /* Frameworks */,
				70B87B4F28DD8C3C00FE99DE /* Resources */,
			);
			buildRules = (
			);
			dependencies = (
				70B87B5328DD8C3C00FE99DE /* PBXTargetDependency */,
			);
			name = vkClientTests;
			productName = vkClientTests;
			productReference = 70B87B5128DD8C3C00FE99DE /* vkClientTests.xctest */;
			productType = "com.apple.product-type.bundle.unit-test";
		};
		70B87B5A28DD8C3C00FE99DE /* vkClientUITests */ = {
			isa = PBXNativeTarget;
			buildConfigurationList = 70B87B6B28DD8C3C00FE99DE /* Build configuration list for PBXNativeTarget "vkClientUITests" */;
			buildPhases = (
				70B87B5728DD8C3C00FE99DE /* Sources */,
				70B87B5828DD8C3C00FE99DE /* Frameworks */,
				70B87B5928DD8C3C00FE99DE /* Resources */,
			);
			buildRules = (
			);
			dependencies = (
				70B87B5D28DD8C3C00FE99DE /* PBXTargetDependency */,
			);
			name = vkClientUITests;
			productName = vkClientUITests;
			productReference = 70B87B5B28DD8C3C00FE99DE /* vkClientUITests.xctest */;
			productType = "com.apple.product-type.bundle.ui-testing";
		};
/* End PBXNativeTarget section */

/* Begin PBXProject section */
		70B87B3328DD8C3A00FE99DE /* Project object */ = {
			isa = PBXProject;
			attributes = {
				BuildIndependentTargetsInParallel = 1;
				LastSwiftUpdateCheck = 1310;
				LastUpgradeCheck = 1310;
				TargetAttributes = {
					70B87B3A28DD8C3A00FE99DE = {
						CreatedOnToolsVersion = 13.1;
					};
					70B87B5028DD8C3C00FE99DE = {
						CreatedOnToolsVersion = 13.1;
						TestTargetID = 70B87B3A28DD8C3A00FE99DE;
					};
					70B87B5A28DD8C3C00FE99DE = {
						CreatedOnToolsVersion = 13.1;
						TestTargetID = 70B87B3A28DD8C3A00FE99DE;
					};
				};
			};
			buildConfigurationList = 70B87B3628DD8C3A00FE99DE /* Build configuration list for PBXProject "vkClient" */;
			compatibilityVersion = "Xcode 13.0";
			developmentRegion = en;
			hasScannedForEncodings = 0;
			knownRegions = (
				en,
				Base,
			);
			mainGroup = 70B87B3228DD8C3A00FE99DE;
			productRefGroup = 70B87B3C28DD8C3A00FE99DE /* Products */;
			projectDirPath = "";
			projectRoot = "";
			targets = (
				70B87B3A28DD8C3A00FE99DE /* vkClient */,
				70B87B5028DD8C3C00FE99DE /* vkClientTests */,
				70B87B5A28DD8C3C00FE99DE /* vkClientUITests */,
			);
		};
/* End PBXProject section */

/* Begin PBXResourcesBuildPhase section */
		70B87B3928DD8C3A00FE99DE /* Resources */ = {
			isa = PBXResourcesBuildPhase;
			buildActionMask = 2147483647;
			files = (
				70DD871528FED6DD00D71829 /* UserGroupCell.xib in Resources */,
				70B87B4B28DD8C3C00FE99DE /* LaunchScreen.storyboard in Resources */,
				70FEB43C28EFF30200A7836F /* FriendCellXib.xib in Resources */,
				70B87B4828DD8C3C00FE99DE /* Assets.xcassets in Resources */,
				70FABCDE290A664700618A98 /* NavigationBarCustom.xib in Resources */,
				7099B52928F590AA00B61FF4 /* FriendPhotoCellXib.xib in Resources */,
				70FABCE4290AA36800618A98 /* NavBarView.xib in Resources */,
				70B87B4628DD8C3A00FE99DE /* Main.storyboard in Resources */,
				70FABCD62909378A00618A98 /* AllGroupCell.xib in Resources */,
			);
			runOnlyForDeploymentPostprocessing = 0;
		};
		70B87B4F28DD8C3C00FE99DE /* Resources */ = {
			isa = PBXResourcesBuildPhase;
			buildActionMask = 2147483647;
			files = (
			);
			runOnlyForDeploymentPostprocessing = 0;
		};
		70B87B5928DD8C3C00FE99DE /* Resources */ = {
			isa = PBXResourcesBuildPhase;
			buildActionMask = 2147483647;
			files = (
			);
			runOnlyForDeploymentPostprocessing = 0;
		};
/* End PBXResourcesBuildPhase section */

/* Begin PBXSourcesBuildPhase section */
		70B87B3728DD8C3A00FE99DE /* Sources */ = {
			isa = PBXSourcesBuildPhase;
			buildActionMask = 2147483647;
			files = (
				7099B52828F590AA00B61FF4 /* FriendPhotoCellXib.swift in Sources */,
				70DD870D28FE736D00D71829 /* FriendsPhotoVC.swift in Sources */,
				70FABCE2290AA30B00618A98 /* NavBarView.swift in Sources */,
				70C3F0E2290C1045009282A2 /* VKLabel.swift in Sources */,
				70934184290FE7C100838961 /* NetworkManager.swift in Sources */,
				70FEB44328F3E85300A7836F /* Group.swift in Sources */,
				70FABCD52909378A00618A98 /* AllGroupCell.swift in Sources */,
				70FABCE0290A745E00618A98 /* NavigationBarCustom.swift in Sources */,
				70B87B6F28DD8D1400FE99DE /* LoginFormController.swift in Sources */,
				70FEB43B28EFF30200A7836F /* FriendCellXib.swift in Sources */,
				70934186290FE87700838961 /* ErrorMessage.swift in Sources */,
				70B87B3F28DD8C3A00FE99DE /* AppDelegate.swift in Sources */,
				709341882910F6DF00838961 /* Photos.swift in Sources */,
				70FEB44128F3E84200A7836F /* Friend.swift in Sources */,
				70FABCD92909716300618A98 /* UIHelper.swift in Sources */,
				70FABCD22909368E00618A98 /* AllGroupsVC.swift in Sources */,
				70DD870F28FED67000D71829 /* UserGroupsVC.swift in Sources */,
				70934181290FCADE00838961 /* Session.swift in Sources */,
				707B31CA290FA34000C67642 /* LoginVC.swift in Sources */,
				70FEB43E28F3E62200A7836F /* AvatarView.swift in Sources */,
				7099B52528F575F100B61FF4 /* FriendsVC.swift in Sources */,
				70DD871428FED6DD00D71829 /* UserGroupCell.swift in Sources */,
				70B87B4128DD8C3A00FE99DE /* SceneDelegate.swift in Sources */,
				70C3F0E0290BFB02009282A2 /* Constants.swift in Sources */,
			);
			runOnlyForDeploymentPostprocessing = 0;
		};
		70B87B4D28DD8C3C00FE99DE /* Sources */ = {
			isa = PBXSourcesBuildPhase;
			buildActionMask = 2147483647;
			files = (
				70B87B5628DD8C3C00FE99DE /* vkClientTests.swift in Sources */,
			);
			runOnlyForDeploymentPostprocessing = 0;
		};
		70B87B5728DD8C3C00FE99DE /* Sources */ = {
			isa = PBXSourcesBuildPhase;
			buildActionMask = 2147483647;
			files = (
				70B87B6228DD8C3C00FE99DE /* vkClientUITestsLaunchTests.swift in Sources */,
				70B87B6028DD8C3C00FE99DE /* vkClientUITests.swift in Sources */,
			);
			runOnlyForDeploymentPostprocessing = 0;
		};
/* End PBXSourcesBuildPhase section */

/* Begin PBXTargetDependency section */
		70B87B5328DD8C3C00FE99DE /* PBXTargetDependency */ = {
			isa = PBXTargetDependency;
			target = 70B87B3A28DD8C3A00FE99DE /* vkClient */;
			targetProxy = 70B87B5228DD8C3C00FE99DE /* PBXContainerItemProxy */;
		};
		70B87B5D28DD8C3C00FE99DE /* PBXTargetDependency */ = {
			isa = PBXTargetDependency;
			target = 70B87B3A28DD8C3A00FE99DE /* vkClient */;
			targetProxy = 70B87B5C28DD8C3C00FE99DE /* PBXContainerItemProxy */;
		};
/* End PBXTargetDependency section */

/* Begin PBXVariantGroup section */
		70B87B4428DD8C3A00FE99DE /* Main.storyboard */ = {
			isa = PBXVariantGroup;
			children = (
				70B87B4528DD8C3A00FE99DE /* Base */,
			);
			name = Main.storyboard;
			sourceTree = "<group>";
		};
		70B87B4928DD8C3C00FE99DE /* LaunchScreen.storyboard */ = {
			isa = PBXVariantGroup;
			children = (
				70B87B4A28DD8C3C00FE99DE /* Base */,
			);
			name = LaunchScreen.storyboard;
			sourceTree = "<group>";
		};
/* End PBXVariantGroup section */

/* Begin XCBuildConfiguration section */
		70B87B6328DD8C3C00FE99DE /* Debug */ = {
			isa = XCBuildConfiguration;
			buildSettings = {
				ALWAYS_SEARCH_USER_PATHS = NO;
				CLANG_ANALYZER_NONNULL = YES;
				CLANG_ANALYZER_NUMBER_OBJECT_CONVERSION = YES_AGGRESSIVE;
				CLANG_CXX_LANGUAGE_STANDARD = "gnu++17";
				CLANG_CXX_LIBRARY = "libc++";
				CLANG_ENABLE_MODULES = YES;
				CLANG_ENABLE_OBJC_ARC = YES;
				CLANG_ENABLE_OBJC_WEAK = YES;
				CLANG_WARN_BLOCK_CAPTURE_AUTORELEASING = YES;
				CLANG_WARN_BOOL_CONVERSION = YES;
				CLANG_WARN_COMMA = YES;
				CLANG_WARN_CONSTANT_CONVERSION = YES;
				CLANG_WARN_DEPRECATED_OBJC_IMPLEMENTATIONS = YES;
				CLANG_WARN_DIRECT_OBJC_ISA_USAGE = YES_ERROR;
				CLANG_WARN_DOCUMENTATION_COMMENTS = YES;
				CLANG_WARN_EMPTY_BODY = YES;
				CLANG_WARN_ENUM_CONVERSION = YES;
				CLANG_WARN_INFINITE_RECURSION = YES;
				CLANG_WARN_INT_CONVERSION = YES;
				CLANG_WARN_NON_LITERAL_NULL_CONVERSION = YES;
				CLANG_WARN_OBJC_IMPLICIT_RETAIN_SELF = YES;
				CLANG_WARN_OBJC_LITERAL_CONVERSION = YES;
				CLANG_WARN_OBJC_ROOT_CLASS = YES_ERROR;
				CLANG_WARN_QUOTED_INCLUDE_IN_FRAMEWORK_HEADER = YES;
				CLANG_WARN_RANGE_LOOP_ANALYSIS = YES;
				CLANG_WARN_STRICT_PROTOTYPES = YES;
				CLANG_WARN_SUSPICIOUS_MOVE = YES;
				CLANG_WARN_UNGUARDED_AVAILABILITY = YES_AGGRESSIVE;
				CLANG_WARN_UNREACHABLE_CODE = YES;
				CLANG_WARN__DUPLICATE_METHOD_MATCH = YES;
				COPY_PHASE_STRIP = NO;
				DEBUG_INFORMATION_FORMAT = dwarf;
				ENABLE_STRICT_OBJC_MSGSEND = YES;
				ENABLE_TESTABILITY = YES;
				GCC_C_LANGUAGE_STANDARD = gnu11;
				GCC_DYNAMIC_NO_PIC = NO;
				GCC_NO_COMMON_BLOCKS = YES;
				GCC_OPTIMIZATION_LEVEL = 0;
				GCC_PREPROCESSOR_DEFINITIONS = (
					"DEBUG=1",
					"$(inherited)",
				);
				GCC_WARN_64_TO_32_BIT_CONVERSION = YES;
				GCC_WARN_ABOUT_RETURN_TYPE = YES_ERROR;
				GCC_WARN_UNDECLARED_SELECTOR = YES;
				GCC_WARN_UNINITIALIZED_AUTOS = YES_AGGRESSIVE;
				GCC_WARN_UNUSED_FUNCTION = YES;
				GCC_WARN_UNUSED_VARIABLE = YES;
				IPHONEOS_DEPLOYMENT_TARGET = 15.0;
				MTL_ENABLE_DEBUG_INFO = INCLUDE_SOURCE;
				MTL_FAST_MATH = YES;
				ONLY_ACTIVE_ARCH = YES;
				SDKROOT = iphoneos;
				SWIFT_ACTIVE_COMPILATION_CONDITIONS = DEBUG;
				SWIFT_OPTIMIZATION_LEVEL = "-Onone";
			};
			name = Debug;
		};
		70B87B6428DD8C3C00FE99DE /* Release */ = {
			isa = XCBuildConfiguration;
			buildSettings = {
				ALWAYS_SEARCH_USER_PATHS = NO;
				CLANG_ANALYZER_NONNULL = YES;
				CLANG_ANALYZER_NUMBER_OBJECT_CONVERSION = YES_AGGRESSIVE;
				CLANG_CXX_LANGUAGE_STANDARD = "gnu++17";
				CLANG_CXX_LIBRARY = "libc++";
				CLANG_ENABLE_MODULES = YES;
				CLANG_ENABLE_OBJC_ARC = YES;
				CLANG_ENABLE_OBJC_WEAK = YES;
				CLANG_WARN_BLOCK_CAPTURE_AUTORELEASING = YES;
				CLANG_WARN_BOOL_CONVERSION = YES;
				CLANG_WARN_COMMA = YES;
				CLANG_WARN_CONSTANT_CONVERSION = YES;
				CLANG_WARN_DEPRECATED_OBJC_IMPLEMENTATIONS = YES;
				CLANG_WARN_DIRECT_OBJC_ISA_USAGE = YES_ERROR;
				CLANG_WARN_DOCUMENTATION_COMMENTS = YES;
				CLANG_WARN_EMPTY_BODY = YES;
				CLANG_WARN_ENUM_CONVERSION = YES;
				CLANG_WARN_INFINITE_RECURSION = YES;
				CLANG_WARN_INT_CONVERSION = YES;
				CLANG_WARN_NON_LITERAL_NULL_CONVERSION = YES;
				CLANG_WARN_OBJC_IMPLICIT_RETAIN_SELF = YES;
				CLANG_WARN_OBJC_LITERAL_CONVERSION = YES;
				CLANG_WARN_OBJC_ROOT_CLASS = YES_ERROR;
				CLANG_WARN_QUOTED_INCLUDE_IN_FRAMEWORK_HEADER = YES;
				CLANG_WARN_RANGE_LOOP_ANALYSIS = YES;
				CLANG_WARN_STRICT_PROTOTYPES = YES;
				CLANG_WARN_SUSPICIOUS_MOVE = YES;
				CLANG_WARN_UNGUARDED_AVAILABILITY = YES_AGGRESSIVE;
				CLANG_WARN_UNREACHABLE_CODE = YES;
				CLANG_WARN__DUPLICATE_METHOD_MATCH = YES;
				COPY_PHASE_STRIP = NO;
				DEBUG_INFORMATION_FORMAT = "dwarf-with-dsym";
				ENABLE_NS_ASSERTIONS = NO;
				ENABLE_STRICT_OBJC_MSGSEND = YES;
				GCC_C_LANGUAGE_STANDARD = gnu11;
				GCC_NO_COMMON_BLOCKS = YES;
				GCC_WARN_64_TO_32_BIT_CONVERSION = YES;
				GCC_WARN_ABOUT_RETURN_TYPE = YES_ERROR;
				GCC_WARN_UNDECLARED_SELECTOR = YES;
				GCC_WARN_UNINITIALIZED_AUTOS = YES_AGGRESSIVE;
				GCC_WARN_UNUSED_FUNCTION = YES;
				GCC_WARN_UNUSED_VARIABLE = YES;
				IPHONEOS_DEPLOYMENT_TARGET = 15.0;
				MTL_ENABLE_DEBUG_INFO = NO;
				MTL_FAST_MATH = YES;
				SDKROOT = iphoneos;
				SWIFT_COMPILATION_MODE = wholemodule;
				SWIFT_OPTIMIZATION_LEVEL = "-O";
				VALIDATE_PRODUCT = YES;
			};
			name = Release;
		};
		70B87B6628DD8C3C00FE99DE /* Debug */ = {
			isa = XCBuildConfiguration;
			buildSettings = {
				ASSETCATALOG_COMPILER_APPICON_NAME = AppIcon;
				ASSETCATALOG_COMPILER_GLOBAL_ACCENT_COLOR_NAME = AccentColor;
				CODE_SIGN_STYLE = Automatic;
				CURRENT_PROJECT_VERSION = 1;
				DEVELOPMENT_TEAM = A3S28YZK34;
				GENERATE_INFOPLIST_FILE = YES;
				INFOPLIST_FILE = vkClient/Info.plist;
				INFOPLIST_KEY_UIApplicationSupportsIndirectInputEvents = YES;
				INFOPLIST_KEY_UILaunchStoryboardName = LaunchScreen;
				INFOPLIST_KEY_UIMainStoryboardFile = Main;
				INFOPLIST_KEY_UISupportedInterfaceOrientations_iPad = "UIInterfaceOrientationPortrait UIInterfaceOrientationPortraitUpsideDown UIInterfaceOrientationLandscapeLeft UIInterfaceOrientationLandscapeRight";
				INFOPLIST_KEY_UISupportedInterfaceOrientations_iPhone = "UIInterfaceOrientationPortrait UIInterfaceOrientationLandscapeLeft UIInterfaceOrientationLandscapeRight";
				LD_RUNPATH_SEARCH_PATHS = (
					"$(inherited)",
					"@executable_path/Frameworks",
				);
				MARKETING_VERSION = 1.0;
				PRODUCT_BUNDLE_IDENTIFIER = com.prosvetovalina.vkClient;
				PRODUCT_NAME = "$(TARGET_NAME)";
				SWIFT_EMIT_LOC_STRINGS = YES;
				SWIFT_VERSION = 5.0;
				TARGETED_DEVICE_FAMILY = "1,2";
			};
			name = Debug;
		};
		70B87B6728DD8C3C00FE99DE /* Release */ = {
			isa = XCBuildConfiguration;
			buildSettings = {
				ASSETCATALOG_COMPILER_APPICON_NAME = AppIcon;
				ASSETCATALOG_COMPILER_GLOBAL_ACCENT_COLOR_NAME = AccentColor;
				CODE_SIGN_STYLE = Automatic;
				CURRENT_PROJECT_VERSION = 1;
				DEVELOPMENT_TEAM = A3S28YZK34;
				GENERATE_INFOPLIST_FILE = YES;
				INFOPLIST_FILE = vkClient/Info.plist;
				INFOPLIST_KEY_UIApplicationSupportsIndirectInputEvents = YES;
				INFOPLIST_KEY_UILaunchStoryboardName = LaunchScreen;
				INFOPLIST_KEY_UIMainStoryboardFile = Main;
				INFOPLIST_KEY_UISupportedInterfaceOrientations_iPad = "UIInterfaceOrientationPortrait UIInterfaceOrientationPortraitUpsideDown UIInterfaceOrientationLandscapeLeft UIInterfaceOrientationLandscapeRight";
				INFOPLIST_KEY_UISupportedInterfaceOrientations_iPhone = "UIInterfaceOrientationPortrait UIInterfaceOrientationLandscapeLeft UIInterfaceOrientationLandscapeRight";
				LD_RUNPATH_SEARCH_PATHS = (
					"$(inherited)",
					"@executable_path/Frameworks",
				);
				MARKETING_VERSION = 1.0;
				PRODUCT_BUNDLE_IDENTIFIER = com.prosvetovalina.vkClient;
				PRODUCT_NAME = "$(TARGET_NAME)";
				SWIFT_EMIT_LOC_STRINGS = YES;
				SWIFT_VERSION = 5.0;
				TARGETED_DEVICE_FAMILY = "1,2";
			};
			name = Release;
		};
		70B87B6928DD8C3C00FE99DE /* Debug */ = {
			isa = XCBuildConfiguration;
			buildSettings = {
				ALWAYS_EMBED_SWIFT_STANDARD_LIBRARIES = YES;
				BUNDLE_LOADER = "$(TEST_HOST)";
				CODE_SIGN_STYLE = Automatic;
				CURRENT_PROJECT_VERSION = 1;
				DEVELOPMENT_TEAM = A3S28YZK34;
				GENERATE_INFOPLIST_FILE = YES;
				IPHONEOS_DEPLOYMENT_TARGET = 15.0;
				LD_RUNPATH_SEARCH_PATHS = (
					"$(inherited)",
					"@executable_path/Frameworks",
					"@loader_path/Frameworks",
				);
				MARKETING_VERSION = 1.0;
				PRODUCT_BUNDLE_IDENTIFIER = com.prosvetovalina.vkClientTests;
				PRODUCT_NAME = "$(TARGET_NAME)";
				SWIFT_EMIT_LOC_STRINGS = NO;
				SWIFT_VERSION = 5.0;
				TARGETED_DEVICE_FAMILY = "1,2";
				TEST_HOST = "$(BUILT_PRODUCTS_DIR)/vkClient.app/vkClient";
			};
			name = Debug;
		};
		70B87B6A28DD8C3C00FE99DE /* Release */ = {
			isa = XCBuildConfiguration;
			buildSettings = {
				ALWAYS_EMBED_SWIFT_STANDARD_LIBRARIES = YES;
				BUNDLE_LOADER = "$(TEST_HOST)";
				CODE_SIGN_STYLE = Automatic;
				CURRENT_PROJECT_VERSION = 1;
				DEVELOPMENT_TEAM = A3S28YZK34;
				GENERATE_INFOPLIST_FILE = YES;
				IPHONEOS_DEPLOYMENT_TARGET = 15.0;
				LD_RUNPATH_SEARCH_PATHS = (
					"$(inherited)",
					"@executable_path/Frameworks",
					"@loader_path/Frameworks",
				);
				MARKETING_VERSION = 1.0;
				PRODUCT_BUNDLE_IDENTIFIER = com.prosvetovalina.vkClientTests;
				PRODUCT_NAME = "$(TARGET_NAME)";
				SWIFT_EMIT_LOC_STRINGS = NO;
				SWIFT_VERSION = 5.0;
				TARGETED_DEVICE_FAMILY = "1,2";
				TEST_HOST = "$(BUILT_PRODUCTS_DIR)/vkClient.app/vkClient";
			};
			name = Release;
		};
		70B87B6C28DD8C3C00FE99DE /* Debug */ = {
			isa = XCBuildConfiguration;
			buildSettings = {
				ALWAYS_EMBED_SWIFT_STANDARD_LIBRARIES = YES;
				CODE_SIGN_STYLE = Automatic;
				CURRENT_PROJECT_VERSION = 1;
				DEVELOPMENT_TEAM = A3S28YZK34;
				GENERATE_INFOPLIST_FILE = YES;
				LD_RUNPATH_SEARCH_PATHS = (
					"$(inherited)",
					"@executable_path/Frameworks",
					"@loader_path/Frameworks",
				);
				MARKETING_VERSION = 1.0;
				PRODUCT_BUNDLE_IDENTIFIER = com.prosvetovalina.vkClientUITests;
				PRODUCT_NAME = "$(TARGET_NAME)";
				SWIFT_EMIT_LOC_STRINGS = NO;
				SWIFT_VERSION = 5.0;
				TARGETED_DEVICE_FAMILY = "1,2";
				TEST_TARGET_NAME = vkClient;
			};
			name = Debug;
		};
		70B87B6D28DD8C3C00FE99DE /* Release */ = {
			isa = XCBuildConfiguration;
			buildSettings = {
				ALWAYS_EMBED_SWIFT_STANDARD_LIBRARIES = YES;
				CODE_SIGN_STYLE = Automatic;
				CURRENT_PROJECT_VERSION = 1;
				DEVELOPMENT_TEAM = A3S28YZK34;
				GENERATE_INFOPLIST_FILE = YES;
				LD_RUNPATH_SEARCH_PATHS = (
					"$(inherited)",
					"@executable_path/Frameworks",
					"@loader_path/Frameworks",
				);
				MARKETING_VERSION = 1.0;
				PRODUCT_BUNDLE_IDENTIFIER = com.prosvetovalina.vkClientUITests;
				PRODUCT_NAME = "$(TARGET_NAME)";
				SWIFT_EMIT_LOC_STRINGS = NO;
				SWIFT_VERSION = 5.0;
				TARGETED_DEVICE_FAMILY = "1,2";
				TEST_TARGET_NAME = vkClient;
			};
			name = Release;
		};
/* End XCBuildConfiguration section */

/* Begin XCConfigurationList section */
		70B87B3628DD8C3A00FE99DE /* Build configuration list for PBXProject "vkClient" */ = {
			isa = XCConfigurationList;
			buildConfigurations = (
				70B87B6328DD8C3C00FE99DE /* Debug */,
				70B87B6428DD8C3C00FE99DE /* Release */,
			);
			defaultConfigurationIsVisible = 0;
			defaultConfigurationName = Release;
		};
		70B87B6528DD8C3C00FE99DE /* Build configuration list for PBXNativeTarget "vkClient" */ = {
			isa = XCConfigurationList;
			buildConfigurations = (
				70B87B6628DD8C3C00FE99DE /* Debug */,
				70B87B6728DD8C3C00FE99DE /* Release */,
			);
			defaultConfigurationIsVisible = 0;
			defaultConfigurationName = Release;
		};
		70B87B6828DD8C3C00FE99DE /* Build configuration list for PBXNativeTarget "vkClientTests" */ = {
			isa = XCConfigurationList;
			buildConfigurations = (
				70B87B6928DD8C3C00FE99DE /* Debug */,
				70B87B6A28DD8C3C00FE99DE /* Release */,
			);
			defaultConfigurationIsVisible = 0;
			defaultConfigurationName = Release;
		};
		70B87B6B28DD8C3C00FE99DE /* Build configuration list for PBXNativeTarget "vkClientUITests" */ = {
			isa = XCConfigurationList;
			buildConfigurations = (
				70B87B6C28DD8C3C00FE99DE /* Debug */,
				70B87B6D28DD8C3C00FE99DE /* Release */,
			);
			defaultConfigurationIsVisible = 0;
			defaultConfigurationName = Release;
		};
/* End XCConfigurationList section */
	};
	rootObject = 70B87B3328DD8C3A00FE99DE /* Project object */;
}
